{
  "name": "mini_npm",
  "version": "1.0.0",
  "lockfileVersion": 1,
  "requires": true,
  "dependencies": {
    "lottie-miniapp": {
      "version": "1.8.8",
      "resolved": "https://registry.npmjs.org/lottie-miniapp/-/lottie-miniapp-1.8.8.tgz",
      "integrity": "sha512-SvW8dtWJlmBddIY8HS/WzABuaJVpECI06oAYIObkEgvOmZCKXJ4d2Ol2Aab2/y1UwFcbX045DQUHeJnCJ0BQJA=="
    }
  }
}
